
Microsoft Visual Studio Solution File, Format Version 12.00
# Visual Studio Version 16
VisualStudioVersion = 16.0.31911.196
MinimumVisualStudioVersion = 10.0.40219.1
Project("{FAE04EC0-301F-11D3-BF4B-00C04F79EFBC}") = "DemoCafe4IS24", "DemoCafe4IS24\DemoCafe4IS24.csproj", "{29883E60-4042-438D-9D91-1FA94651C2F1}"
EndProject
Global
	GlobalSection(SolutionConfigurationPlatforms) = preSolution
		Debug|Any CPU = Debug|Any CPU
		Release|Any CPU = Release|Any CPU
	EndGlobalSection
	GlobalSection(ProjectConfigurationPlatforms) = postSolution
		{29883E60-4042-438D-9D91-1FA94651C2F1}.Debug|Any CPU.ActiveCfg = Debug|Any CPU
		{29883E60-4042-438D-9D91-1FA94651C2F1}.Debug|Any CPU.Build.0 = Debug|Any CPU
		{29883E60-4042-438D-9D91-1FA94651C2F1}.Release|Any CPU.ActiveCfg = Release|Any CPU
		{29883E60-4042-438D-9D91-1FA94651C2F1}.Release|Any CPU.Build.0 = Release|Any CPU
	EndGlobalSection
	GlobalSection(SolutionProperties) = preSolution
		HideSolutionNode = FALSE
	EndGlobalSection
	GlobalSection(ExtensibilityGlobals) = postSolution
		SolutionGuid = {ABCDE3C0-5EAE-4656-A7B4-5A973BA1F8E8}
	EndGlobalSection
EndGlobal
